{
    "_meta": {
        "hash": {
            "sha256": "b39ee8ae21c2b39de074a928963596d3a8219d25da4417bf788b2f26aa935291"
        },
        "pipfile-spec": 6,
        "requires": {
            "python_version": "3.7"
        },
        "sources": [
            {
                "name": "pypi",
                "url": "https://pypi.org/simple",
                "verify_ssl": true
            }
        ]
    },
    "default": {
        "pyobjc-core": {
            "hashes": [
                "sha256:046449f510c1f33d41bdd0d4c8eb2f084593a2ee4573a25d604bdccabb7a909e",
                "sha256:5ae84984fa4967a6b6962ae25997de954d110efeea69ff1f09e128675f86dc80",
                "sha256:66651923eb225d3ad2a07c0b3530842c06b8f35e5adf30c74ea378697691bb09",
                "sha256:6be4631868b36dde9a771707f325b7ea7616f5ca1ad38eafe8435f4757193419",
                "sha256:6f3dd8e20119d5c75ea5ac548734fef2702c457b66aa66059b6e037129467f95",
                "sha256:9c79ab63ec48f195a5c07bbb7bc73378b6a45b1d7893f911ff51c918dae13538",
                "sha256:a6f65fb313e5e1efab5c4b4591142a73af4ca52a2c39d98f540f42fc774e262e",
                "sha256:b551af26c21883a6e27c0ce58e5e9f3ae9027388686ae978d134afa102164045",
                "sha256:cd13a2e9be890064a6dd11db7790bbf38502350c532a9a9d05511abb8683b8ea"
            ],
            "version": "==5.2"
        },
        "pyobjc-framework-cocoa": {
            "hashes": [
                "sha256:3a2a7771e584858ee43faef08b9ca7c632c8c27a3d9e1bfd5dd1909d7c087ed8",
                "sha256:406e0516e40aca309db1c1581a94c08394823b20b1a43e0cfe5b2390392b5d5a",
                "sha256:42fe17fce0ebdaeb1a8451b5ad955d7717c431f8af54573ef628486ab5c1441b",
                "sha256:561785bbc4dd2f05cc836464733382ef6a69cb13338a7bc5f8297f5cd021d0bd",
                "sha256:56a818b57f664e2b4e595e89070d79f824a04dd014cfa67e4fc74f2b3f1b6214",
                "sha256:793a807c583eecbeeba40114fc0156f28d3a5a2fda5094235b06bf8dcbb5982d",
                "sha256:cc51243ca34deccb99d8db738dccbad38934147fee2d64ef3cf6016ba3496675",
                "sha256:d72d48cf2e24c2f540a1b1348a880fde87b1f8cb7e1be5e95550a306152d48d0",
                "sha256:e9421ccb48d0c3c9c13f3f8f0f818fa77ced36e67cae998302f87269a1ee1402"
            ],
            "version": "==5.2"
        },
        "rumps": {
            "hashes": [
                "sha256:c8df19347c661cac8906fffd410727c6000f978a6c8c44a2803a1786b35c4c1f",
                "sha256:e5ea41ce62312a0f1fa4280fc587bd8b5c6ff7ed0be219752c95f013109d148a"
            ],
            "index": "pypi",
            "version": "==0.3.0"
        }
    },
    "develop": {}
}
